// !$*UTF8*$!
{
	archiveVersion = 1;
	classes = {
	};
	objectVersion = 46;
	objects = {

/* Begin PBXBuildFile section */
		095AE7981DCC5E9F003C0DEE /* AppDelegate.swift in Sources */ = {isa = PBXBuildFile; fileRef = 095AE7971DCC5E9F003C0DEE /* AppDelegate.swift */; };
		095AE79D1DCC5E9F003C0DEE /* Main.storyboard in Resources */ = {isa = PBXBuildFile; fileRef = 095AE79B1DCC5E9F003C0DEE /* Main.storyboard */; };
		095AE79F1DCC5E9F003C0DEE /* Assets.xcassets in Resources */ = {isa = PBXBuildFile; fileRef = 095AE79E1DCC5E9F003C0DEE /* Assets.xcassets */; };
		095AE7A21DCC5E9F003C0DEE /* LaunchScreen.storyboard in Resources */ = {isa = PBXBuildFile; fileRef = 095AE7A01DCC5E9F003C0DEE /* LaunchScreen.storyboard */; };
		095AE7CA1DCD67A8003C0DEE /* DiningHallViewController.swift in Sources */ = {isa = PBXBuildFile; fileRef = 095AE7C91DCD67A8003C0DEE /* DiningHallViewController.swift */; };
		095AE7CE1DCD970F003C0DEE /* MenuViewController.swift in Sources */ = {isa = PBXBuildFile; fileRef = 095AE7CD1DCD970F003C0DEE /* MenuViewController.swift */; };
		2A576EDCEDD014CDF2B4BA36 /* Pods_5CMenuTutorial.framework in Frameworks */ = {isa = PBXBuildFile; fileRef = 164D7713B71068F7D953CFD7 /* Pods_5CMenuTutorial.framework */; };
		2CA50DE3EAC73FD43A6AE16C /* Pods_5CMenuTutorialUITests.framework in Frameworks */ = {isa = PBXBuildFile; fileRef = E67D2C98C7DEC0B7552A24EE /* Pods_5CMenuTutorialUITests.framework */; };
		60E3867700A4115811F47F2C /* Pods_5CMenuTutorialTests.framework in Frameworks */ = {isa = PBXBuildFile; fileRef = 0B3DD8019EEB21182BB00C31 /* Pods_5CMenuTutorialTests.framework */; };
/* End PBXBuildFile section */

/* Begin PBXContainerItemProxy section */
		095AE7A91DCC5E9F003C0DEE /* PBXContainerItemProxy */ = {
			isa = PBXContainerItemProxy;
			containerPortal = 095AE78C1DCC5E9F003C0DEE /* Project object */;
			proxyType = 1;
			remoteGlobalIDString = 095AE7931DCC5E9F003C0DEE;
			remoteInfo = 5CMenuTutorial;
		};
		095AE7B41DCC5E9F003C0DEE /* PBXContainerItemProxy */ = {
			isa = PBXContainerItemProxy;
			containerPortal = 095AE78C1DCC5E9F003C0DEE /* Project object */;
			proxyType = 1;
			remoteGlobalIDString = 095AE7931DCC5E9F003C0DEE;
			remoteInfo = 5CMenuTutorial;
		};
/* End PBXContainerItemProxy section */

/* Begin PBXFileReference section */
		095AE7941DCC5E9F003C0DEE /* 5CMenuTutorial.app */ = {isa = PBXFileReference; explicitFileType = wrapper.application; includeInIndex = 0; path = 5CMenuTutorial.app; sourceTree = BUILT_PRODUCTS_DIR; };
		095AE7971DCC5E9F003C0DEE /* AppDelegate.swift */ = {isa = PBXFileReference; lastKnownFileType = sourcecode.swift; path = AppDelegate.swift; sourceTree = "<group>"; };
		095AE79C1DCC5E9F003C0DEE /* Base */ = {isa = PBXFileReference; lastKnownFileType = file.storyboard; name = Base; path = Base.lproj/Main.storyboard; sourceTree = "<group>"; };
		095AE79E1DCC5E9F003C0DEE /* Assets.xcassets */ = {isa = PBXFileReference; lastKnownFileType = folder.assetcatalog; path = Assets.xcassets; sourceTree = "<group>"; };
		095AE7A11DCC5E9F003C0DEE /* Base */ = {isa = PBXFileReference; lastKnownFileType = file.storyboard; name = Base; path = Base.lproj/LaunchScreen.storyboard; sourceTree = "<group>"; };
		095AE7A31DCC5E9F003C0DEE /* Info.plist */ = {isa = PBXFileReference; lastKnownFileType = text.plist.xml; path = Info.plist; sourceTree = "<group>"; };
		095AE7A81DCC5E9F003C0DEE /* 5CMenuTutorialTests.xctest */ = {isa = PBXFileReference; explicitFileType = wrapper.cfbundle; includeInIndex = 0; path = 5CMenuTutorialTests.xctest; sourceTree = BUILT_PRODUCTS_DIR; };
		095AE7B31DCC5E9F003C0DEE /* 5CMenuTutorialUITests.xctest */ = {isa = PBXFileReference; explicitFileType = wrapper.cfbundle; includeInIndex = 0; path = 5CMenuTutorialUITests.xctest; sourceTree = BUILT_PRODUCTS_DIR; };
		095AE7C91DCD67A8003C0DEE /* DiningHallViewController.swift */ = {isa = PBXFileReference; fileEncoding = 4; lastKnownFileType = sourcecode.swift; path = DiningHallViewController.swift; sourceTree = "<group>"; };
		095AE7CD1DCD970F003C0DEE /* MenuViewController.swift */ = {isa = PBXFileReference; fileEncoding = 4; lastKnownFileType = sourcecode.swift; name = MenuViewController.swift; path = ../MenuViewController.swift; sourceTree = "<group>"; };
		0B3DD8019EEB21182BB00C31 /* Pods_5CMenuTutorialTests.framework */ = {isa = PBXFileReference; explicitFileType = wrapper.framework; includeInIndex = 0; path = Pods_5CMenuTutorialTests.framework; sourceTree = BUILT_PRODUCTS_DIR; };
		14319953E5A289043CD52775 /* Pods-5CMenuTutorialTests.debug.xcconfig */ = {isa = PBXFileReference; includeInIndex = 1; lastKnownFileType = text.xcconfig; name = "Pods-5CMenuTutorialTests.debug.xcconfig"; path = "Pods/Target Support Files/Pods-5CMenuTutorialTests/Pods-5CMenuTutorialTests.debug.xcconfig"; sourceTree = "<group>"; };
		164D7713B71068F7D953CFD7 /* Pods_5CMenuTutorial.framework */ = {isa = PBXFileReference; explicitFileType = wrapper.framework; includeInIndex = 0; path = Pods_5CMenuTutorial.framework; sourceTree = BUILT_PRODUCTS_DIR; };
		4CFE640DE0B405267DF9C254 /* Pods-5CMenuTutorial.release.xcconfig */ = {isa = PBXFileReference; includeInIndex = 1; lastKnownFileType = text.xcconfig; name = "Pods-5CMenuTutorial.release.xcconfig"; path = "Pods/Target Support Files/Pods-5CMenuTutorial/Pods-5CMenuTutorial.release.xcconfig"; sourceTree = "<group>"; };
		6997ABC70B68BA8A625DBB1A /* Pods-5CMenuTutorialUITests.release.xcconfig */ = {isa = PBXFileReference; includeInIndex = 1; lastKnownFileType = text.xcconfig; name = "Pods-5CMenuTutorialUITests.release.xcconfig"; path = "Pods/Target Support Files/Pods-5CMenuTutorialUITests/Pods-5CMenuTutorialUITests.release.xcconfig"; sourceTree = "<group>"; };
		82EB278200CBEECAA7545140 /* Pods-5CMenuTutorialUITests.debug.xcconfig */ = {isa = PBXFileReference; includeInIndex = 1; lastKnownFileType = text.xcconfig; name = "Pods-5CMenuTutorialUITests.debug.xcconfig"; path = "Pods/Target Support Files/Pods-5CMenuTutorialUITests/Pods-5CMenuTutorialUITests.debug.xcconfig"; sourceTree = "<group>"; };
		9D44BDB00A906B3CE376A157 /* Pods-5CMenuTutorial.debug.xcconfig */ = {isa = PBXFileReference; includeInIndex = 1; lastKnownFileType = text.xcconfig; name = "Pods-5CMenuTutorial.debug.xcconfig"; path = "Pods/Target Support Files/Pods-5CMenuTutorial/Pods-5CMenuTutorial.debug.xcconfig"; sourceTree = "<group>"; };
		A1E791E6C7E3830E9D81EBA3 /* Pods-5CMenuTutorialTests.release.xcconfig */ = {isa = PBXFileReference; includeInIndex = 1; lastKnownFileType = text.xcconfig; name = "Pods-5CMenuTutorialTests.release.xcconfig"; path = "Pods/Target Support Files/Pods-5CMenuTutorialTests/Pods-5CMenuTutorialTests.release.xcconfig"; sourceTree = "<group>"; };
		E67D2C98C7DEC0B7552A24EE /* Pods_5CMenuTutorialUITests.framework */ = {isa = PBXFileReference; explicitFileType = wrapper.framework; includeInIndex = 0; path = Pods_5CMenuTutorialUITests.framework; sourceTree = BUILT_PRODUCTS_DIR; };
/* End PBXFileReference section */

/* Begin PBXFrameworksBuildPhase section */
		095AE7911DCC5E9F003C0DEE /* Frameworks */ = {
			isa = PBXFrameworksBuildPhase;
			buildActionMask = 2147483647;
			files = (
				2A576EDCEDD014CDF2B4BA36 /* Pods_5CMenuTutorial.framework in Frameworks */,
			);
			runOnlyForDeploymentPostprocessing = 0;
		};
		095AE7A51DCC5E9F003C0DEE /* Frameworks */ = {
			isa = PBXFrameworksBuildPhase;
			buildActionMask = 2147483647;
			files = (
				60E3867700A4115811F47F2C /* Pods_5CMenuTutorialTests.framework in Frameworks */,
			);
			runOnlyForDeploymentPostprocessing = 0;
		};
		095AE7B01DCC5E9F003C0DEE /* Frameworks */ = {
			isa = PBXFrameworksBuildPhase;
			buildActionMask = 2147483647;
			files = (
				2CA50DE3EAC73FD43A6AE16C /* Pods_5CMenuTutorialUITests.framework in Frameworks */,
			);
			runOnlyForDeploymentPostprocessing = 0;
		};
/* End PBXFrameworksBuildPhase section */

/* Begin PBXGroup section */
		0286FDED518BFAB91A35FBEA /* Pods */ = {
			isa = PBXGroup;
			children = (
				9D44BDB00A906B3CE376A157 /* Pods-5CMenuTutorial.debug.xcconfig */,
				4CFE640DE0B405267DF9C254 /* Pods-5CMenuTutorial.release.xcconfig */,
				14319953E5A289043CD52775 /* Pods-5CMenuTutorialTests.debug.xcconfig */,
				A1E791E6C7E3830E9D81EBA3 /* Pods-5CMenuTutorialTests.release.xcconfig */,
				82EB278200CBEECAA7545140 /* Pods-5CMenuTutorialUITests.debug.xcconfig */,
				6997ABC70B68BA8A625DBB1A /* Pods-5CMenuTutorialUITests.release.xcconfig */,
			);
			name = Pods;
			sourceTree = "<group>";
		};
		095AE78B1DCC5E9F003C0DEE = {
			isa = PBXGroup;
			children = (
				095AE7961DCC5E9F003C0DEE /* 5CMenuTutorial */,
				095AE7951DCC5E9F003C0DEE /* Products */,
				0286FDED518BFAB91A35FBEA /* Pods */,
				3F26C2C74418E2E6B43EF2F2 /* Frameworks */,
			);
			sourceTree = "<group>";
		};
		095AE7951DCC5E9F003C0DEE /* Products */ = {
			isa = PBXGroup;
			children = (
				095AE7941DCC5E9F003C0DEE /* 5CMenuTutorial.app */,
				095AE7A81DCC5E9F003C0DEE /* 5CMenuTutorialTests.xctest */,
				095AE7B31DCC5E9F003C0DEE /* 5CMenuTutorialUITests.xctest */,
			);
			name = Products;
			sourceTree = "<group>";
		};
		095AE7961DCC5E9F003C0DEE /* 5CMenuTutorial */ = {
			isa = PBXGroup;
			children = (
				095AE7971DCC5E9F003C0DEE /* AppDelegate.swift */,
				095AE79B1DCC5E9F003C0DEE /* Main.storyboard */,
				095AE79E1DCC5E9F003C0DEE /* Assets.xcassets */,
				095AE7A01DCC5E9F003C0DEE /* LaunchScreen.storyboard */,
				095AE7A31DCC5E9F003C0DEE /* Info.plist */,
				095AE7CD1DCD970F003C0DEE /* MenuViewController.swift */,
				095AE7C91DCD67A8003C0DEE /* DiningHallViewController.swift */,
			);
			path = 5CMenuTutorial;
			sourceTree = "<group>";
		};
		3F26C2C74418E2E6B43EF2F2 /* Frameworks */ = {
			isa = PBXGroup;
			children = (
				164D7713B71068F7D953CFD7 /* Pods_5CMenuTutorial.framework */,
				0B3DD8019EEB21182BB00C31 /* Pods_5CMenuTutorialTests.framework */,
				E67D2C98C7DEC0B7552A24EE /* Pods_5CMenuTutorialUITests.framework */,
			);
			name = Frameworks;
			sourceTree = "<group>";
		};
/* End PBXGroup section */

/* Begin PBXNativeTarget section */
		095AE7931DCC5E9F003C0DEE /* 5CMenuTutorial */ = {
			isa = PBXNativeTarget;
			buildConfigurationList = 095AE7BC1DCC5E9F003C0DEE /* Build configuration list for PBXNativeTarget "5CMenuTutorial" */;
			buildPhases = (
				024320C6B07348C2542C8C5F /* [CP] Check Pods Manifest.lock */,
				095AE7901DCC5E9F003C0DEE /* Sources */,
				095AE7911DCC5E9F003C0DEE /* Frameworks */,
				095AE7921DCC5E9F003C0DEE /* Resources */,
				DEB1502D98E4F0C79B23C824 /* [CP] Embed Pods Frameworks */,
				EF3E075EA9BFD4D9994BCE09 /* [CP] Copy Pods Resources */,
			);
			buildRules = (
			);
			dependencies = (
			);
			name = 5CMenuTutorial;
			productName = 5CMenuTutorial;
			productReference = 095AE7941DCC5E9F003C0DEE /* 5CMenuTutorial.app */;
			productType = "com.apple.product-type.application";
		};
		095AE7A71DCC5E9F003C0DEE /* 5CMenuTutorialTests */ = {
			isa = PBXNativeTarget;
			buildConfigurationList = 095AE7BF1DCC5E9F003C0DEE /* Build configuration list for PBXNativeTarget "5CMenuTutorialTests" */;
			buildPhases = (
				2D66FFB9E10280470B4059F1 /* [CP] Check Pods Manifest.lock */,
				095AE7A41DCC5E9F003C0DEE /* Sources */,
				095AE7A51DCC5E9F003C0DEE /* Frameworks */,
				095AE7A61DCC5E9F003C0DEE /* Resources */,
				C54233D4C033E011629C6303 /* [CP] Embed Pods Frameworks */,
				A396003BD35CC1B78CBFC302 /* [CP] Copy Pods Resources */,
			);
			buildRules = (
			);
			dependencies = (
				095AE7AA1DCC5E9F003C0DEE /* PBXTargetDependency */,
			);
			name = 5CMenuTutorialTests;
			productName = 5CMenuTutorialTests;
			productReference = 095AE7A81DCC5E9F003C0DEE /* 5CMenuTutorialTests.xctest */;
			productType = "com.apple.product-type.bundle.unit-test";
		};
		095AE7B21DCC5E9F003C0DEE /* 5CMenuTutorialUITests */ = {
			isa = PBXNativeTarget;
			buildConfigurationList = 095AE7C21DCC5E9F003C0DEE /* Build configuration list for PBXNativeTarget "5CMenuTutorialUITests" */;
			buildPhases = (
				29D7C297E777F4DCAF7DEFD7 /* [CP] Check Pods Manifest.lock */,
				095AE7AF1DCC5E9F003C0DEE /* Sources */,
				095AE7B01DCC5E9F003C0DEE /* Frameworks */,
				095AE7B11DCC5E9F003C0DEE /* Resources */,
				C5C9AAC7574F0D79381C717F /* [CP] Embed Pods Frameworks */,
				B869A305C99C86FC2205C3C1 /* [CP] Copy Pods Resources */,
			);
			buildRules = (
			);
			dependencies = (
				095AE7B51DCC5E9F003C0DEE /* PBXTargetDependency */,
			);
			name = 5CMenuTutorialUITests;
			productName = 5CMenuTutorialUITests;
			productReference = 095AE7B31DCC5E9F003C0DEE /* 5CMenuTutorialUITests.xctest */;
			productType = "com.apple.product-type.bundle.ui-testing";
		};
/* End PBXNativeTarget section */

/* Begin PBXProject section */
		095AE78C1DCC5E9F003C0DEE /* Project object */ = {
			isa = PBXProject;
			attributes = {
				LastSwiftUpdateCheck = 0730;
				LastUpgradeCheck = 0730;
				ORGANIZATIONNAME = "Maddie Zug";
				TargetAttributes = {
					095AE7931DCC5E9F003C0DEE = {
						CreatedOnToolsVersion = 7.3.1;
					};
					095AE7A71DCC5E9F003C0DEE = {
						CreatedOnToolsVersion = 7.3.1;
						TestTargetID = 095AE7931DCC5E9F003C0DEE;
					};
					095AE7B21DCC5E9F003C0DEE = {
						CreatedOnToolsVersion = 7.3.1;
						TestTargetID = 095AE7931DCC5E9F003C0DEE;
					};
				};
			};
			buildConfigurationList = 095AE78F1DCC5E9F003C0DEE /* Build configuration list for PBXProject "5CMenuTutorial" */;
			compatibilityVersion = "Xcode 3.2";
			developmentRegion = English;
			hasScannedForEncodings = 0;
			knownRegions = (
				en,
				Base,
			);
			mainGroup = 095AE78B1DCC5E9F003C0DEE;
			productRefGroup = 095AE7951DCC5E9F003C0DEE /* Products */;
			projectDirPath = "";
			projectRoot = "";
			targets = (
				095AE7931DCC5E9F003C0DEE /* 5CMenuTutorial */,
				095AE7A71DCC5E9F003C0DEE /* 5CMenuTutorialTests */,
				095AE7B21DCC5E9F003C0DEE /* 5CMenuTutorialUITests */,
			);
		};
/* End PBXProject section */

/* Begin PBXResourcesBuildPhase section */
		095AE7921DCC5E9F003C0DEE /* Resources */ = {
			isa = PBXResourcesBuildPhase;
			buildActionMask = 2147483647;
			files = (
				095AE7A21DCC5E9F003C0DEE /* LaunchScreen.storyboard in Resources */,
				095AE79F1DCC5E9F003C0DEE /* Assets.xcassets in Resources */,
				095AE79D1DCC5E9F003C0DEE /* Main.storyboard in Resources */,
			);
			runOnlyForDeploymentPostprocessing = 0;
		};
		095AE7A61DCC5E9F003C0DEE /* Resources */ = {
			isa = PBXResourcesBuildPhase;
			buildActionMask = 2147483647;
			files = (
			);
			runOnlyForDeploymentPostprocessing = 0;
		};
		095AE7B11DCC5E9F003C0DEE /* Resources */ = {
			isa = PBXResourcesBuildPhase;
			buildActionMask = 2147483647;
			files = (
			);
			runOnlyForDeploymentPostprocessing = 0;
		};
/* End PBXResourcesBuildPhase section */

/* Begin PBXShellScriptBuildPhase section */
		024320C6B07348C2542C8C5F /* [CP] Check Pods Manifest.lock */ = {
			isa = PBXShellScriptBuildPhase;
			buildActionMask = 2147483647;
			files = (
			);
			inputPaths = (
			);
			name = "[CP] Check Pods Manifest.lock";
			outputPaths = (
			);
			runOnlyForDeploymentPostprocessing = 0;
			shellPath = /bin/sh;
			shellScript = "diff \"${PODS_ROOT}/../Podfile.lock\" \"${PODS_ROOT}/Manifest.lock\" > /dev/null\nif [ $? != 0 ] ; then\n    # print error to STDERR\n    echo \"error: The sandbox is not in sync with the Podfile.lock. Run 'pod install' or update your CocoaPods installation.\" >&2\n    exit 1\nfi\n";
			showEnvVarsInLog = 0;
		};
		29D7C297E777F4DCAF7DEFD7 /* [CP] Check Pods Manifest.lock */ = {
			isa = PBXShellScriptBuildPhase;
			buildActionMask = 2147483647;
			files = (
			);
			inputPaths = (
			);
			name = "[CP] Check Pods Manifest.lock";
			outputPaths = (
			);
			runOnlyForDeploymentPostprocessing = 0;
			shellPath = /bin/sh;
			shellScript = "diff \"${PODS_ROOT}/../Podfile.lock\" \"${PODS_ROOT}/Manifest.lock\" > /dev/null\nif [ $? != 0 ] ; then\n    # print error to STDERR\n    echo \"error: The sandbox is not in sync with the Podfile.lock. Run 'pod install' or update your CocoaPods installation.\" >&2\n    exit 1\nfi\n";
			showEnvVarsInLog = 0;
		};
		2D66FFB9E10280470B4059F1 /* [CP] Check Pods Manifest.lock */ = {
			isa = PBXShellScriptBuildPhase;
			buildActionMask = 2147483647;
			files = (
			);
			inputPaths = (
			);
			name = "[CP] Check Pods Manifest.lock";
			outputPaths = (
			);
			runOnlyForDeploymentPostprocessing = 0;
			shellPath = /bin/sh;
			shellScript = "diff \"${PODS_ROOT}/../Podfile.lock\" \"${PODS_ROOT}/Manifest.lock\" > /dev/null\nif [ $? != 0 ] ; then\n    # print error to STDERR\n    echo \"error: The sandbox is not in sync with the Podfile.lock. Run 'pod install' or update your CocoaPods installation.\" >&2\n    exit 1\nfi\n";
			showEnvVarsInLog = 0;
		};
		A396003BD35CC1B78CBFC302 /* [CP] Copy Pods Resources */ = {
			isa = PBXShellScriptBuildPhase;
			buildActionMask = 2147483647;
			files = (
			);
			inputPaths = (
			);
			name = "[CP] Copy Pods Resources";
			outputPaths = (
			);
			runOnlyForDeploymentPostprocessing = 0;
			shellPath = /bin/sh;
			shellScript = "\"${SRCROOT}/Pods/Target Support Files/Pods-5CMenuTutorialTests/Pods-5CMenuTutorialTests-resources.sh\"\n";
			showEnvVarsInLog = 0;
		};
		B869A305C99C86FC2205C3C1 /* [CP] Copy Pods Resources */ = {
			isa = PBXShellScriptBuildPhase;
			buildActionMask = 2147483647;
			files = (
			);
			inputPaths = (
			);
			name = "[CP] Copy Pods Resources";
			outputPaths = (
			);
			runOnlyForDeploymentPostprocessing = 0;
			shellPath = /bin/sh;
			shellScript = "\"${SRCROOT}/Pods/Target Support Files/Pods-5CMenuTutorialUITests/Pods-5CMenuTutorialUITests-resources.sh\"\n";
			showEnvVarsInLog = 0;
		};
		C54233D4C033E011629C6303 /* [CP] Embed Pods Frameworks */ = {
			isa = PBXShellScriptBuildPhase;
			buildActionMask = 2147483647;
			files = (
			);
			inputPaths = (
			);
			name = "[CP] Embed Pods Frameworks";
			outputPaths = (
			);
			runOnlyForDeploymentPostprocessing = 0;
			shellPath = /bin/sh;
			shellScript = "\"${SRCROOT}/Pods/Target Support Files/Pods-5CMenuTutorialTests/Pods-5CMenuTutorialTests-frameworks.sh\"\n";
			showEnvVarsInLog = 0;
		};
		C5C9AAC7574F0D79381C717F /* [CP] Embed Pods Frameworks */ = {
			isa = PBXShellScriptBuildPhase;
			buildActionMask = 2147483647;
			files = (
			);
			inputPaths = (
			);
			name = "[CP] Embed Pods Frameworks";
			outputPaths = (
			);
			runOnlyForDeploymentPostprocessing = 0;
			shellPath = /bin/sh;
			shellScript = "\"${SRCROOT}/Pods/Target Support Files/Pods-5CMenuTutorialUITests/Pods-5CMenuTutorialUITests-frameworks.sh\"\n";
			showEnvVarsInLog = 0;
		};
		DEB1502D98E4F0C79B23C824 /* [CP] Embed Pods Frameworks */ = {
			isa = PBXShellScriptBuildPhase;
			buildActionMask = 2147483647;
			files = (
			);
			inputPaths = (
			);
			name = "[CP] Embed Pods Frameworks";
			outputPaths = (
			);
			runOnlyForDeploymentPostprocessing = 0;
			shellPath = /bin/sh;
			shellScript = "\"${SRCROOT}/Pods/Target Support Files/Pods-5CMenuTutorial/Pods-5CMenuTutorial-frameworks.sh\"\n";
			showEnvVarsInLog = 0;
		};
		EF3E075EA9BFD4D9994BCE09 /* [CP] Copy Pods Resources */ = {
			isa = PBXShellScriptBuildPhase;
			buildActionMask = 2147483647;
			files = (
			);
			inputPaths = (
			);
			name = "[CP] Copy Pods Resources";
			outputPaths = (
			);
			runOnlyForDeploymentPostprocessing = 0;
			shellPath = /bin/sh;
			shellScript = "\"${SRCROOT}/Pods/Target Support Files/Pods-5CMenuTutorial/Pods-5CMenuTutorial-resources.sh\"\n";
			showEnvVarsInLog = 0;
		};
/* End PBXShellScriptBuildPhase section */

/* Begin PBXSourcesBuildPhase section */
		095AE7901DCC5E9F003C0DEE /* Sources */ = {
			isa = PBXSourcesBuildPhase;
			buildActionMask = 2147483647;
			files = (
				095AE7CA1DCD67A8003C0DEE /* DiningHallViewController.swift in Sources */,
				095AE7CE1DCD970F003C0DEE /* MenuViewController.swift in Sources */,
				095AE7981DCC5E9F003C0DEE /* AppDelegate.swift in Sources */,
			);
			runOnlyForDeploymentPostprocessing = 0;
		};
		095AE7A41DCC5E9F003C0DEE /* Sources */ = {
			isa = PBXSourcesBuildPhase;
			buildActionMask = 2147483647;
			files = (
			);
			runOnlyForDeploymentPostprocessing = 0;
		};
		095AE7AF1DCC5E9F003C0DEE /* Sources */ = {
			isa = PBXSourcesBuildPhase;
			buildActionMask = 2147483647;
			files = (
			);
			runOnlyForDeploymentPostprocessing = 0;
		};
/* End PBXSourcesBuildPhase section */

/* Begin PBXTargetDependency section */
		095AE7AA1DCC5E9F003C0DEE /* PBXTargetDependency */ = {
			isa = PBXTargetDependency;
			target = 095AE7931DCC5E9F003C0DEE /* 5CMenuTutorial */;
			targetProxy = 095AE7A91DCC5E9F003C0DEE /* PBXContainerItemProxy */;
		};
		095AE7B51DCC5E9F003C0DEE /* PBXTargetDependency */ = {
			isa = PBXTargetDependency;
			target = 095AE7931DCC5E9F003C0DEE /* 5CMenuTutorial */;
			targetProxy = 095AE7B41DCC5E9F003C0DEE /* PBXContainerItemProxy */;
		};
/* End PBXTargetDependency section */

/* Begin PBXVariantGroup section */
		095AE79B1DCC5E9F003C0DEE /* Main.storyboard */ = {
			isa = PBXVariantGroup;
			children = (
				095AE79C1DCC5E9F003C0DEE /* Base */,
			);
			name = Main.storyboard;
			sourceTree = "<group>";
		};
		095AE7A01DCC5E9F003C0DEE /* LaunchScreen.storyboard */ = {
			isa = PBXVariantGroup;
			children = (
				095AE7A11DCC5E9F003C0DEE /* Base */,
			);
			name = LaunchScreen.storyboard;
			sourceTree = "<group>";
		};
/* End PBXVariantGroup section */

/* Begin XCBuildConfiguration section */
		095AE7BA1DCC5E9F003C0DEE /* Debug */ = {
			isa = XCBuildConfiguration;
			buildSettings = {
				ALWAYS_SEARCH_USER_PATHS = NO;
				CLANG_ANALYZER_NONNULL = YES;
				CLANG_CXX_LANGUAGE_STANDARD = "gnu++0x";
				CLANG_CXX_LIBRARY = "libc++";
				CLANG_ENABLE_MODULES = YES;
				CLANG_ENABLE_OBJC_ARC = YES;
				CLANG_WARN_BOOL_CONVERSION = YES;
				CLANG_WARN_CONSTANT_CONVERSION = YES;
				CLANG_WARN_DIRECT_OBJC_ISA_USAGE = YES_ERROR;
				CLANG_WARN_EMPTY_BODY = YES;
				CLANG_WARN_ENUM_CONVERSION = YES;
				CLANG_WARN_INT_CONVERSION = YES;
				CLANG_WARN_OBJC_ROOT_CLASS = YES_ERROR;
				CLANG_WARN_UNREACHABLE_CODE = YES;
				CLANG_WARN__DUPLICATE_METHOD_MATCH = YES;
				"CODE_SIGN_IDENTITY[sdk=iphoneos*]" = "iPhone Developer";
				COPY_PHASE_STRIP = NO;
				DEBUG_INFORMATION_FORMAT = dwarf;
				ENABLE_STRICT_OBJC_MSGSEND = YES;
				ENABLE_TESTABILITY = YES;
				GCC_C_LANGUAGE_STANDARD = gnu99;
				GCC_DYNAMIC_NO_PIC = NO;
				GCC_NO_COMMON_BLOCKS = YES;
				GCC_OPTIMIZATION_LEVEL = 0;
				GCC_PREPROCESSOR_DEFINITIONS = (
					"DEBUG=1",
					"$(inherited)",
				);
				GCC_WARN_64_TO_32_BIT_CONVERSION = YES;
				GCC_WARN_ABOUT_RETURN_TYPE = YES_ERROR;
				GCC_WARN_UNDECLARED_SELECTOR = YES;
				GCC_WARN_UNINITIALIZED_AUTOS = YES_AGGRESSIVE;
				GCC_WARN_UNUSED_FUNCTION = YES;
				GCC_WARN_UNUSED_VARIABLE = YES;
				IPHONEOS_DEPLOYMENT_TARGET = 9.3;
				MTL_ENABLE_DEBUG_INFO = YES;
				ONLY_ACTIVE_ARCH = YES;
				SDKROOT = iphoneos;
				SWIFT_OPTIMIZATION_LEVEL = "-Onone";
			};
			name = Debug;
		};
		095AE7BB1DCC5E9F003C0DEE /* Release */ = {
			isa = XCBuildConfiguration;
			buildSettings = {
				ALWAYS_SEARCH_USER_PATHS = NO;
				CLANG_ANALYZER_NONNULL = YES;
				CLANG_CXX_LANGUAGE_STANDARD = "gnu++0x";
				CLANG_CXX_LIBRARY = "libc++";
				CLANG_ENABLE_MODULES = YES;
				CLANG_ENABLE_OBJC_ARC = YES;
				CLANG_WARN_BOOL_CONVERSION = YES;
				CLANG_WARN_CONSTANT_CONVERSION = YES;
				CLANG_WARN_DIRECT_OBJC_ISA_USAGE = YES_ERROR;
				CLANG_WARN_EMPTY_BODY = YES;
				CLANG_WARN_ENUM_CONVERSION = YES;
				CLANG_WARN_INT_CONVERSION = YES;
				CLANG_WARN_OBJC_ROOT_CLASS = YES_ERROR;
				CLANG_WARN_UNREACHABLE_CODE = YES;
				CLANG_WARN__DUPLICATE_METHOD_MATCH = YES;
				"CODE_SIGN_IDENTITY[sdk=iphoneos*]" = "iPhone Developer";
				COPY_PHASE_STRIP = NO;
				DEBUG_INFORMATION_FORMAT = "dwarf-with-dsym";
				ENABLE_NS_ASSERTIONS = NO;
				ENABLE_STRICT_OBJC_MSGSEND = YES;
				GCC_C_LANGUAGE_STANDARD = gnu99;
				GCC_NO_COMMON_BLOCKS = YES;
				GCC_WARN_64_TO_32_BIT_CONVERSION = YES;
				GCC_WARN_ABOUT_RETURN_TYPE = YES_ERROR;
				GCC_WARN_UNDECLARED_SELECTOR = YES;
				GCC_WARN_UNINITIALIZED_AUTOS = YES_AGGRESSIVE;
				GCC_WARN_UNUSED_FUNCTION = YES;
				GCC_WARN_UNUSED_VARIABLE = YES;
				IPHONEOS_DEPLOYMENT_TARGET = 9.3;
				MTL_ENABLE_DEBUG_INFO = NO;
				SDKROOT = iphoneos;
				VALIDATE_PRODUCT = YES;
			};
			name = Release;
		};
		095AE7BD1DCC5E9F003C0DEE /* Debug */ = {
			isa = XCBuildConfiguration;
			baseConfigurationReference = 9D44BDB00A906B3CE376A157 /* Pods-5CMenuTutorial.debug.xcconfig */;
			buildSettings = {
				ASSETCATALOG_COMPILER_APPICON_NAME = AppIcon;
				INFOPLIST_FILE = 5CMenuTutorial/Info.plist;
				LD_RUNPATH_SEARCH_PATHS = "$(inherited) @executable_path/Frameworks";
				PRODUCT_BUNDLE_IDENTIFIER = "maddiezug.-CMenuTutorial";
				PRODUCT_NAME = "$(TARGET_NAME)";
			};
			name = Debug;
		};
		095AE7BE1DCC5E9F003C0DEE /* Release */ = {
			isa = XCBuildConfiguration;
			baseConfigurationReference = 4CFE640DE0B405267DF9C254 /* Pods-5CMenuTutorial.release.xcconfig */;
			buildSettings = {
				ASSETCATALOG_COMPILER_APPICON_NAME = AppIcon;
				INFOPLIST_FILE = 5CMenuTutorial/Info.plist;
				LD_RUNPATH_SEARCH_PATHS = "$(inherited) @executable_path/Frameworks";
				PRODUCT_BUNDLE_IDENTIFIER = "maddiezug.-CMenuTutorial";
				PRODUCT_NAME = "$(TARGET_NAME)";
			};
			name = Release;
		};
		095AE7C01DCC5E9F003C0DEE /* Debug */ = {
			isa = XCBuildConfiguration;
			baseConfigurationReference = 14319953E5A289043CD52775 /* Pods-5CMenuTutorialTests.debug.xcconfig */;
			buildSettings = {
				BUNDLE_LOADER = "$(TEST_HOST)";
				INFOPLIST_FILE = 5CMenuTutorialTests/Info.plist;
				LD_RUNPATH_SEARCH_PATHS = "$(inherited) @executable_path/Frameworks @loader_path/Frameworks";
				PRODUCT_BUNDLE_IDENTIFIER = "maddiezug.-CMenuTutorialTests";
				PRODUCT_NAME = "$(TARGET_NAME)";
				TEST_HOST = "$(BUILT_PRODUCTS_DIR)/5CMenuTutorial.app/5CMenuTutorial";
			};
			name = Debug;
		};
		095AE7C11DCC5E9F003C0DEE /* Release */ = {
			isa = XCBuildConfiguration;
			baseConfigurationReference = A1E791E6C7E3830E9D81EBA3 /* Pods-5CMenuTutorialTests.release.xcconfig */;
			buildSettings = {
				BUNDLE_LOADER = "$(TEST_HOST)";
				INFOPLIST_FILE = 5CMenuTutorialTests/Info.plist;
				LD_RUNPATH_SEARCH_PATHS = "$(inherited) @executable_path/Frameworks @loader_path/Frameworks";
				PRODUCT_BUNDLE_IDENTIFIER = "maddiezug.-CMenuTutorialTests";
				PRODUCT_NAME = "$(TARGET_NAME)";
				TEST_HOST = "$(BUILT_PRODUCTS_DIR)/5CMenuTutorial.app/5CMenuTutorial";
			};
			name = Release;
		};
		095AE7C31DCC5E9F003C0DEE /* Debug */ = {
			isa = XCBuildConfiguration;
			baseConfigurationReference = 82EB278200CBEECAA7545140 /* Pods-5CMenuTutorialUITests.debug.xcconfig */;
			buildSettings = {
				INFOPLIST_FILE = 5CMenuTutorialUITests/Info.plist;
				LD_RUNPATH_SEARCH_PATHS = "$(inherited) @executable_path/Frameworks @loader_path/Frameworks";
				PRODUCT_BUNDLE_IDENTIFIER = "maddiezug.-CMenuTutorialUITests";
				PRODUCT_NAME = "$(TARGET_NAME)";
				TEST_TARGET_NAME = 5CMenuTutorial;
			};
			name = Debug;
		};
		095AE7C41DCC5E9F003C0DEE /* Release */ = {
			isa = XCBuildConfiguration;
			baseConfigurationReference = 6997ABC70B68BA8A625DBB1A /* Pods-5CMenuTutorialUITests.release.xcconfig */;
			buildSettings = {
				INFOPLIST_FILE = 5CMenuTutorialUITests/Info.plist;
				LD_RUNPATH_SEARCH_PATHS = "$(inherited) @executable_path/Frameworks @loader_path/Frameworks";
				PRODUCT_BUNDLE_IDENTIFIER = "maddiezug.-CMenuTutorialUITests";
				PRODUCT_NAME = "$(TARGET_NAME)";
				TEST_TARGET_NAME = 5CMenuTutorial;
			};
			name = Release;
		};
/* End XCBuildConfiguration section */

/* Begin XCConfigurationList section */
		095AE78F1DCC5E9F003C0DEE /* Build configuration list for PBXProject "5CMenuTutorial" */ = {
			isa = XCConfigurationList;
			buildConfigurations = (
				095AE7BA1DCC5E9F003C0DEE /* Debug */,
				095AE7BB1DCC5E9F003C0DEE /* Release */,
			);
			defaultConfigurationIsVisible = 0;
			defaultConfigurationName = Release;
		};
		095AE7BC1DCC5E9F003C0DEE /* Build configuration list for PBXNativeTarget "5CMenuTutorial" */ = {
			isa = XCConfigurationList;
			buildConfigurations = (
				095AE7BD1DCC5E9F003C0DEE /* Debug */,
				095AE7BE1DCC5E9F003C0DEE /* Release */,
			);
			defaultConfigurationIsVisible = 0;
			defaultConfigurationName = Release;
		};
		095AE7BF1DCC5E9F003C0DEE /* Build configuration list for PBXNativeTarget "5CMenuTutorialTests" */ = {
			isa = XCConfigurationList;
			buildConfigurations = (
				095AE7C01DCC5E9F003C0DEE /* Debug */,
				095AE7C11DCC5E9F003C0DEE /* Release */,
			);
			defaultConfigurationIsVisible = 0;
			defaultConfigurationName = Release;
		};
		095AE7C21DCC5E9F003C0DEE /* Build configuration list for PBXNativeTarget "5CMenuTutorialUITests" */ = {
			isa = XCConfigurationList;
			buildConfigurations = (
				095AE7C31DCC5E9F003C0DEE /* Debug */,
				095AE7C41DCC5E9F003C0DEE /* Release */,
			);
			defaultConfigurationIsVisible = 0;
			defaultConfigurationName = Release;
		};
/* End XCConfigurationList section */
	};
	rootObject = 095AE78C1DCC5E9F003C0DEE /* Project object */;
}
